
Microsoft Visual Studio Solution File, Format Version 12.00
# Visual Studio 2015
Project("{FAE04EC0-301F-11D3-BF4B-00C04F79EFBC}") = "Castle Steath VR.CSharp", "Castle Steath VR.CSharp.csproj", "{C9C46E05-CC6F-7ED2-74E0-EA43DCFB0744}"
EndProject
Project("{FAE04EC0-301F-11D3-BF4B-00C04F79EFBC}") = "Castle Steath VR.CSharp.Editor", "Castle Steath VR.CSharp.Editor.csproj", "{C87173A7-F16D-D4D8-13E9-9F4EF6CF3B87}"
EndProject
Global
	GlobalSection(SolutionConfigurationPlatforms) = preSolution
		Debug|Any CPU = Debug|Any CPU
		Release|Any CPU = Release|Any CPU
	EndGlobalSection
	GlobalSection(ProjectConfigurationPlatforms) = postSolution
		{C9C46E05-CC6F-7ED2-74E0-EA43DCFB0744}.Debug|Any CPU.ActiveCfg = Debug|Any CPU
		{C9C46E05-CC6F-7ED2-74E0-EA43DCFB0744}.Debug|Any CPU.Build.0 = Debug|Any CPU
		{C9C46E05-CC6F-7ED2-74E0-EA43DCFB0744}.Release|Any CPU.ActiveCfg = Release|Any CPU
		{C9C46E05-CC6F-7ED2-74E0-EA43DCFB0744}.Release|Any CPU.Build.0 = Release|Any CPU
		{C87173A7-F16D-D4D8-13E9-9F4EF6CF3B87}.Debug|Any CPU.ActiveCfg = Debug|Any CPU
		{C87173A7-F16D-D4D8-13E9-9F4EF6CF3B87}.Debug|Any CPU.Build.0 = Debug|Any CPU
		{C87173A7-F16D-D4D8-13E9-9F4EF6CF3B87}.Release|Any CPU.ActiveCfg = Release|Any CPU
		{C87173A7-F16D-D4D8-13E9-9F4EF6CF3B87}.Release|Any CPU.Build.0 = Release|Any CPU
	EndGlobalSection
	GlobalSection(SolutionProperties) = preSolution
		HideSolutionNode = FALSE
	EndGlobalSection
EndGlobal
